
Microsoft Visual Studio Solution File, Format Version 12.00
# Visual Studio Version 17
VisualStudioVersion = 17.9.34518.117
MinimumVisualStudioVersion = 10.0.40219.1
Project("{FAE04EC0-301F-11D3-BF4B-00C04F79EFBC}") = "Transmitly.Microsoft.AspnetCore.Mvc", "src\Transmitly.Microsoft.AspnetCore.Mvc\Transmitly.Microsoft.AspnetCore.Mvc.csproj", "{5E1CCC08-78CA-4E9E-898B-AC82B490D1AD}"
EndProject
Global
	GlobalSection(SolutionConfigurationPlatforms) = preSolution
		Debug|Any CPU = Debug|Any CPU
		Release|Any CPU = Release|Any CPU
	EndGlobalSection
	GlobalSection(ProjectConfigurationPlatforms) = postSolution
		{5E1CCC08-78CA-4E9E-898B-AC82B490D1AD}.Debug|Any CPU.ActiveCfg = Debug|Any CPU
		{5E1CCC08-78CA-4E9E-898B-AC82B490D1AD}.Debug|Any CPU.Build.0 = Debug|Any CPU
		{5E1CCC08-78CA-4E9E-898B-AC82B490D1AD}.Release|Any CPU.ActiveCfg = Release|Any CPU
		{5E1CCC08-78CA-4E9E-898B-AC82B490D1AD}.Release|Any CPU.Build.0 = Release|Any CPU
	EndGlobalSection
	GlobalSection(SolutionProperties) = preSolution
		HideSolutionNode = FALSE
	EndGlobalSection
	GlobalSection(ExtensibilityGlobals) = postSolution
		SolutionGuid = {ABCFF7F7-DE96-4FD7-B96F-A0C587E75EE6}
	EndGlobalSection
EndGlobal
